PackratFormat: 1.4
PackratVersion: 0.4.8.1
RVersion: 3.3.2
Repos: BioCsoft=https://bioconductor.org/packages/3.4/bioc,
    BioCann=https://bioconductor.org/packages/3.4/data/annotation,
    BioCexp=https://bioconductor.org/packages/3.4/data/experiment,
    BioCextra=https://bioconductor.org/packages/3.4/extra,
    CRAN=https://cran.rstudio.com/

Package: Biobase
Source: CRAN
Version: 2.34.0
Requires: BiocGenerics

Package: BiocGenerics
Source: Bioconductor
Version: 0.20.0
Hash: ce45642fa93df3c66879867d96815407

Package: BiocInstaller
Source: Bioconductor
Version: 1.24.0
Hash: b1c2c51cc77fd1031c7851d3116c39d0

Package: BiocParallel
Source: CRAN
Version: 1.8.2
Requires: snow, futile.logger

Package: Biostrings
Source: CRAN
Version: 2.42.1
Requires: BiocGenerics, S4Vectors, IRanges, XVector

Package: GenomeInfoDb
Source: Bioconductor
Version: 1.10.3
Requires: BiocGenerics, S4Vectors, RCurl, IRanges
Hash: e5843ba981f847c6b3d997e8a2c4500c

Package: GenomicAlignments
Source: CRAN
Version: 1.10.1
Requires: BiocGenerics, S4Vectors, IRanges, GenomeInfoDb, BiocParallel,
    Biostrings, GenomicRanges, Rsamtools, SummarizedExperiment

Package: GenomicRanges
Source: Bioconductor
Version: 1.26.4
Requires: BiocGenerics, S4Vectors, IRanges, GenomeInfoDb, XVector
Hash: 6482ccdc9dd14142fca40435ce258703

Package: IRanges
Source: Bioconductor
Version: 2.8.2
Requires: BiocGenerics, S4Vectors
Hash: 30ff2556d66ae27c76bcda7567f2cb05

Package: RCurl
Source: CRAN
Version: 1.95-4.10
Requires: bitops
Hash: 06af5153f969a90c6cd6c87ee57baa44

Package: Rcpp
Source: CRAN
Version: 0.12.14
Hash: f9a2a481350397e53b0768bf488329cd

Package: Rsamtools
Source: CRAN
Version: 1.26.2
Requires: BiocGenerics, bitops, zlibbioc, S4Vectors, IRanges,
    GenomeInfoDb, XVector, BiocParallel, Biostrings, GenomicRanges

Package: S4Vectors
Source: Bioconductor
Version: 0.12.2
Requires: BiocGenerics
Hash: 7c9135565583f92fd8db19438e7b8238

Package: SummarizedExperiment
Source: CRAN
Version: 1.4.0
Requires: BiocGenerics, Biobase, S4Vectors, IRanges, GenomeInfoDb,
    GenomicRanges

Package: XML
Source: CRAN
Version: 3.98-1.11

Package: XVector
Source: Bioconductor
Version: 0.14.1
Requires: BiocGenerics, zlibbioc, S4Vectors, IRanges
Hash: 9c18c96827e0159ef62bf061f1a53535

Package: backports
Source: CRAN
Version: 1.1.2
Hash: 5ae7b3466e529e4400951ca18c137e40

Package: base64enc
Source: CRAN
Version: 0.1-3
Hash: c590d29e555926af053055e23ee79efb

Package: bitops
Source: CRAN
Version: 1.0-6
Hash: 67d0775189fd0041d95abca618c5c07e

Package: caTools
Source: CRAN
Version: 1.17.1
Requires: bitops
Hash: 97cb6f6293cd18d17df77a6383cc6763

Package: digest
Source: CRAN
Version: 0.6.13
Hash: cfce0bc7ed5ba0cdc47182698fae1d24

Package: evaluate
Source: CRAN
Version: 0.10.1
Requires: stringr
Hash: 54d95f4ec6d0300100413ed0127d89ae

Package: formatR
Source: CRAN
Version: 1.5
Hash: 258cf79a8dbeedf1c981cdb53837d2af

Package: futile.logger
Source: CRAN
Version: 1.4.3
Requires: futile.options, lambda.r

Package: futile.options
Source: CRAN
Version: 1.0.1

Package: glue
Source: CRAN
Version: 1.2.0
Hash: 381e42baedecc633c0e547a0c7ca9de7

Package: highr
Source: CRAN
Version: 0.6
Hash: aa3d5b7912b5fed4b546ed5cd2a1760b

Package: htmltools
Source: CRAN
Version: 0.3.6
Requires: Rcpp, digest
Hash: 10db2fe4e1ac6057e5555db165a0d870

Package: jsonlite
Source: CRAN
Version: 1.5
Hash: 9c51936d8dd00b2f1d4fe9d10499694c

Package: knitr
Source: CRAN
Version: 1.20
Requires: evaluate, highr, markdown, stringr, yaml
Hash: 9c6b215d1d02b97586c8232e94533e6a

Package: lambda.r
Source: CRAN
Version: 1.2.3
Requires: formatR

Package: magrittr
Source: CRAN
Version: 1.5
Hash: bdc4d48c3135e8f3b399536ddf160df4

Package: markdown
Source: CRAN
Version: 0.8
Requires: mime
Hash: 045d7c594d503b41f1c28946d076c8aa

Package: mime
Source: CRAN
Version: 0.5
Hash: 463550cf44fb6f0a2359368f42eebe62

Package: packrat
Source: CRAN
Version: 0.4.8-1
Hash: 6ad605ba7b4b476d84be6632393f5765

Package: rmarkdown
Source: CRAN
Version: 1.10
Requires: base64enc, evaluate, htmltools, jsonlite, knitr, mime,
    rprojroot, stringr, tinytex, yaml
Hash: 02f1aac33000c63986c6b5585e36e7ae

Package: rprojroot
Source: CRAN
Version: 1.3-2
Requires: backports
Hash: a25c3f70c166fb3fbabc410eb32b6366

Package: rtracklayer
Source: CRAN
Version: 1.34.2
Requires: BiocGenerics, XML, zlibbioc, S4Vectors, RCurl, IRanges,
    GenomeInfoDb, XVector, Biostrings, GenomicRanges, Rsamtools,
    GenomicAlignments

Package: snow
Source: CRAN
Version: 0.4-2

Package: stringi
Source: CRAN
Version: 1.1.6
Hash: 4430faf2bcbe1b8de0d9be55bcfdcc0b

Package: stringr
Source: CRAN
Version: 1.2.0
Requires: magrittr, stringi
Hash: 25a86d7f410513ebb7c0bc6a5e16bdc3

Package: tinytex
Source: CRAN
Version: 0.6
Requires: xfun
Hash: a149d4e6a2f7d6422e063a19cca52bb9

Package: xfun
Source: CRAN
Version: 0.3
Hash: 3b1cb5fdcfb96c88e3f9ab0239fbd048

Package: yaml
Source: CRAN
Version: 2.1.16
Hash: 784ea5d8302d4a81f166a32a33c10711

Package: zlibbioc
Source: Bioconductor
Version: 1.20.0
Hash: 82a75f02d6badbed62c3bd87ce0d35ca
